
Microsoft Visual Studio Solution File, Format Version 10.00
# Visual C++ Express 2008
Project("{8BC9CEB8-8B4A-11D0-8D11-00A0C91BC942}") = "libfguid", "libfguid\libfguid.vcproj", "{9B4ACD98-1EDF-40A6-9866-CEB40FF75082}"
	ProjectSection(ProjectDependencies) = postProject
		{C5D33EBC-535D-474C-870A-B96A4B30850D} = {C5D33EBC-535D-474C-870A-B96A4B30850D}
	EndProjectSection
EndProject
Project("{8BC9CEB8-8B4A-11D0-8D11-00A0C91BC942}") = "libfwevt", "libfwevt\libfwevt.vcproj", "{B97706AC-46E5-4C2A-836E-582A74DC6A68}"
	ProjectSection(ProjectDependencies) = postProject
		{C5D33EBC-535D-474C-870A-B96A4B30850D} = {C5D33EBC-535D-474C-870A-B96A4B30850D}
		{D9A25DD4-1F17-4546-B662-5986E82720FC} = {D9A25DD4-1F17-4546-B662-5986E82720FC}
		{D3AB00F9-6704-4899-90C4-CB3BED88E7AA} = {D3AB00F9-6704-4899-90C4-CB3BED88E7AA}
		{5816A0E4-0A0A-4F38-8BDE-8B5B209E2B41} = {5816A0E4-0A0A-4F38-8BDE-8B5B209E2B41}
		{5C6EAD13-CCA8-4B03-8495-EEE2E3092468} = {5C6EAD13-CCA8-4B03-8495-EEE2E3092468}
		{B306CB83-6915-4684-A67B-55CE66C9C4C4} = {B306CB83-6915-4684-A67B-55CE66C9C4C4}
		{9B4ACD98-1EDF-40A6-9866-CEB40FF75082} = {9B4ACD98-1EDF-40A6-9866-CEB40FF75082}
		{4A81A573-8E94-4C37-96C6-AAB627CA2D9B} = {4A81A573-8E94-4C37-96C6-AAB627CA2D9B}
	EndProjectSection
EndProject
Project("{8BC9CEB8-8B4A-11D0-8D11-00A0C91BC942}") = "pyfwevt", "pyfwevt\pyfwevt.vcproj", "{5A75D56F-262C-499A-9874-E44CA99DAE30}"
	ProjectSection(ProjectDependencies) = postProject
		{C5D33EBC-535D-474C-870A-B96A4B30850D} = {C5D33EBC-535D-474C-870A-B96A4B30850D}
		{B97706AC-46E5-4C2A-836E-582A74DC6A68} = {B97706AC-46E5-4C2A-836E-582A74DC6A68}
		{D3AB00F9-6704-4899-90C4-CB3BED88E7AA} = {D3AB00F9-6704-4899-90C4-CB3BED88E7AA}
		{9B4ACD98-1EDF-40A6-9866-CEB40FF75082} = {9B4ACD98-1EDF-40A6-9866-CEB40FF75082}
	EndProjectSection
EndProject
Project("{8BC9CEB8-8B4A-11D0-8D11-00A0C91BC942}") = "libcdata", "libcdata\libcdata.vcproj", "{D3AB00F9-6704-4899-90C4-CB3BED88E7AA}"
	ProjectSection(ProjectDependencies) = postProject
		{C5D33EBC-535D-474C-870A-B96A4B30850D} = {C5D33EBC-535D-474C-870A-B96A4B30850D}
		{D9A25DD4-1F17-4546-B662-5986E82720FC} = {D9A25DD4-1F17-4546-B662-5986E82720FC}
	EndProjectSection
EndProject
Project("{8BC9CEB8-8B4A-11D0-8D11-00A0C91BC942}") = "libcthreads", "libcthreads\libcthreads.vcproj", "{D9A25DD4-1F17-4546-B662-5986E82720FC}"
	ProjectSection(ProjectDependencies) = postProject
		{C5D33EBC-535D-474C-870A-B96A4B30850D} = {C5D33EBC-535D-474C-870A-B96A4B30850D}
	EndProjectSection
EndProject
Project("{8BC9CEB8-8B4A-11D0-8D11-00A0C91BC942}") = "fwevt_test_channel", "fwevt_test_channel\fwevt_test_channel.vcproj", "{788051B4-9B85-41C8-AA28-27D538F53E0B}"
	ProjectSection(ProjectDependencies) = postProject
		{B97706AC-46E5-4C2A-836E-582A74DC6A68} = {B97706AC-46E5-4C2A-836E-582A74DC6A68}
		{C5D33EBC-535D-474C-870A-B96A4B30850D} = {C5D33EBC-535D-474C-870A-B96A4B30850D}
	EndProjectSection
EndProject
Project("{8BC9CEB8-8B4A-11D0-8D11-00A0C91BC942}") = "fwevt_test_error", "fwevt_test_error\fwevt_test_error.vcproj", "{FD36C2F1-1C2A-457C-A585-B39DD8877DEF}"
	ProjectSection(ProjectDependencies) = postProject
		{B97706AC-46E5-4C2A-836E-582A74DC6A68} = {B97706AC-46E5-4C2A-836E-582A74DC6A68}
	EndProjectSection
EndProject
Project("{8BC9CEB8-8B4A-11D0-8D11-00A0C91BC942}") = "fwevt_test_event", "fwevt_test_event\fwevt_test_event.vcproj", "{A2BE872C-0841-49C5-AA2E-30E683CBE455}"
	ProjectSection(ProjectDependencies) = postProject
		{B97706AC-46E5-4C2A-836E-582A74DC6A68} = {B97706AC-46E5-4C2A-836E-582A74DC6A68}
		{C5D33EBC-535D-474C-870A-B96A4B30850D} = {C5D33EBC-535D-474C-870A-B96A4B30850D}
	EndProjectSection
EndProject
Project("{8BC9CEB8-8B4A-11D0-8D11-00A0C91BC942}") = "fwevt_test_keyword", "fwevt_test_keyword\fwevt_test_keyword.vcproj", "{58C8BF9C-CEF7-447F-A059-6619D2584EA9}"
	ProjectSection(ProjectDependencies) = postProject
		{B97706AC-46E5-4C2A-836E-582A74DC6A68} = {B97706AC-46E5-4C2A-836E-582A74DC6A68}
		{C5D33EBC-535D-474C-870A-B96A4B30850D} = {C5D33EBC-535D-474C-870A-B96A4B30850D}
	EndProjectSection
EndProject
Project("{8BC9CEB8-8B4A-11D0-8D11-00A0C91BC942}") = "fwevt_test_level", "fwevt_test_level\fwevt_test_level.vcproj", "{82D20F53-BCA6-4BEC-80BB-599D3A14F9EC}"
	ProjectSection(ProjectDependencies) = postProject
		{B97706AC-46E5-4C2A-836E-582A74DC6A68} = {B97706AC-46E5-4C2A-836E-582A74DC6A68}
		{C5D33EBC-535D-474C-870A-B96A4B30850D} = {C5D33EBC-535D-474C-870A-B96A4B30850D}
	EndProjectSection
EndProject
Project("{8BC9CEB8-8B4A-11D0-8D11-00A0C91BC942}") = "fwevt_test_manifest", "fwevt_test_manifest\fwevt_test_manifest.vcproj", "{B19E0A07-9B93-4ECA-BE6A-272D868C43E0}"
	ProjectSection(ProjectDependencies) = postProject
		{B97706AC-46E5-4C2A-836E-582A74DC6A68} = {B97706AC-46E5-4C2A-836E-582A74DC6A68}
		{C5D33EBC-535D-474C-870A-B96A4B30850D} = {C5D33EBC-535D-474C-870A-B96A4B30850D}
	EndProjectSection
EndProject
Project("{8BC9CEB8-8B4A-11D0-8D11-00A0C91BC942}") = "fwevt_test_map", "fwevt_test_map\fwevt_test_map.vcproj", "{250341FF-3D80-4C29-A368-F102870A9C0E}"
	ProjectSection(ProjectDependencies) = postProject
		{B97706AC-46E5-4C2A-836E-582A74DC6A68} = {B97706AC-46E5-4C2A-836E-582A74DC6A68}
		{C5D33EBC-535D-474C-870A-B96A4B30850D} = {C5D33EBC-535D-474C-870A-B96A4B30850D}
	EndProjectSection
EndProject
Project("{8BC9CEB8-8B4A-11D0-8D11-00A0C91BC942}") = "fwevt_test_notify", "fwevt_test_notify\fwevt_test_notify.vcproj", "{C79E94AB-ED3F-4168-8B6C-175CAD6313A0}"
	ProjectSection(ProjectDependencies) = postProject
		{B97706AC-46E5-4C2A-836E-582A74DC6A68} = {B97706AC-46E5-4C2A-836E-582A74DC6A68}
		{C5D33EBC-535D-474C-870A-B96A4B30850D} = {C5D33EBC-535D-474C-870A-B96A4B30850D}
	EndProjectSection
EndProject
Project("{8BC9CEB8-8B4A-11D0-8D11-00A0C91BC942}") = "fwevt_test_opcode", "fwevt_test_opcode\fwevt_test_opcode.vcproj", "{F6EEC63F-0A66-499B-8DFF-2ED594336955}"
	ProjectSection(ProjectDependencies) = postProject
		{B97706AC-46E5-4C2A-836E-582A74DC6A68} = {B97706AC-46E5-4C2A-836E-582A74DC6A68}
		{C5D33EBC-535D-474C-870A-B96A4B30850D} = {C5D33EBC-535D-474C-870A-B96A4B30850D}
	EndProjectSection
EndProject
Project("{8BC9CEB8-8B4A-11D0-8D11-00A0C91BC942}") = "fwevt_test_provider", "fwevt_test_provider\fwevt_test_provider.vcproj", "{72C96509-C06F-4BE9-9853-64B43F69CC5C}"
	ProjectSection(ProjectDependencies) = postProject
		{B97706AC-46E5-4C2A-836E-582A74DC6A68} = {B97706AC-46E5-4C2A-836E-582A74DC6A68}
		{C5D33EBC-535D-474C-870A-B96A4B30850D} = {C5D33EBC-535D-474C-870A-B96A4B30850D}
	EndProjectSection
EndProject
Project("{8BC9CEB8-8B4A-11D0-8D11-00A0C91BC942}") = "fwevt_test_support", "fwevt_test_support\fwevt_test_support.vcproj", "{4686DD45-AB05-4EB9-87F9-FAE1189C7CB4}"
	ProjectSection(ProjectDependencies) = postProject
		{B97706AC-46E5-4C2A-836E-582A74DC6A68} = {B97706AC-46E5-4C2A-836E-582A74DC6A68}
	EndProjectSection
EndProject
Project("{8BC9CEB8-8B4A-11D0-8D11-00A0C91BC942}") = "fwevt_test_task", "fwevt_test_task\fwevt_test_task.vcproj", "{C5227123-966B-4B11-904D-03495752E365}"
	ProjectSection(ProjectDependencies) = postProject
		{B97706AC-46E5-4C2A-836E-582A74DC6A68} = {B97706AC-46E5-4C2A-836E-582A74DC6A68}
		{C5D33EBC-535D-474C-870A-B96A4B30850D} = {C5D33EBC-535D-474C-870A-B96A4B30850D}
	EndProjectSection
EndProject
Project("{8BC9CEB8-8B4A-11D0-8D11-00A0C91BC942}") = "fwevt_test_template", "fwevt_test_template\fwevt_test_template.vcproj", "{3DF72C18-1B8F-40D0-BBEF-1AA2C7DE178B}"
	ProjectSection(ProjectDependencies) = postProject
		{B97706AC-46E5-4C2A-836E-582A74DC6A68} = {B97706AC-46E5-4C2A-836E-582A74DC6A68}
		{C5D33EBC-535D-474C-870A-B96A4B30850D} = {C5D33EBC-535D-474C-870A-B96A4B30850D}
	EndProjectSection
EndProject
Project("{8BC9CEB8-8B4A-11D0-8D11-00A0C91BC942}") = "fwevt_test_template_item", "fwevt_test_template_item\fwevt_test_template_item.vcproj", "{673CE65E-7329-496D-9F77-82A930D569B6}"
	ProjectSection(ProjectDependencies) = postProject
		{B97706AC-46E5-4C2A-836E-582A74DC6A68} = {B97706AC-46E5-4C2A-836E-582A74DC6A68}
		{C5D33EBC-535D-474C-870A-B96A4B30850D} = {C5D33EBC-535D-474C-870A-B96A4B30850D}
	EndProjectSection
EndProject
Project("{8BC9CEB8-8B4A-11D0-8D11-00A0C91BC942}") = "fwevt_test_xml_document", "fwevt_test_xml_document\fwevt_test_xml_document.vcproj", "{53DD74C1-D0A2-4E49-B8E0-1D02E65059AB}"
	ProjectSection(ProjectDependencies) = postProject
		{B97706AC-46E5-4C2A-836E-582A74DC6A68} = {B97706AC-46E5-4C2A-836E-582A74DC6A68}
		{C5D33EBC-535D-474C-870A-B96A4B30850D} = {C5D33EBC-535D-474C-870A-B96A4B30850D}
	EndProjectSection
EndProject
Project("{8BC9CEB8-8B4A-11D0-8D11-00A0C91BC942}") = "fwevt_test_xml_tag", "fwevt_test_xml_tag\fwevt_test_xml_tag.vcproj", "{0D34CD16-691F-43C0-B91F-F84A5D42C8DA}"
	ProjectSection(ProjectDependencies) = postProject
		{B97706AC-46E5-4C2A-836E-582A74DC6A68} = {B97706AC-46E5-4C2A-836E-582A74DC6A68}
		{C5D33EBC-535D-474C-870A-B96A4B30850D} = {C5D33EBC-535D-474C-870A-B96A4B30850D}
	EndProjectSection
EndProject
Project("{8BC9CEB8-8B4A-11D0-8D11-00A0C91BC942}") = "fwevt_test_xml_template_value", "fwevt_test_xml_template_value\fwevt_test_xml_template_value.vcproj", "{87326EB9-F85E-43C8-A8D0-8138CF9B8712}"
	ProjectSection(ProjectDependencies) = postProject
		{B97706AC-46E5-4C2A-836E-582A74DC6A68} = {B97706AC-46E5-4C2A-836E-582A74DC6A68}
		{C5D33EBC-535D-474C-870A-B96A4B30850D} = {C5D33EBC-535D-474C-870A-B96A4B30850D}
	EndProjectSection
EndProject
Project("{8BC9CEB8-8B4A-11D0-8D11-00A0C91BC942}") = "fwevt_test_xml_token", "fwevt_test_xml_token\fwevt_test_xml_token.vcproj", "{6AEB4E37-792D-490D-95A5-1A855C166C1B}"
	ProjectSection(ProjectDependencies) = postProject
		{B97706AC-46E5-4C2A-836E-582A74DC6A68} = {B97706AC-46E5-4C2A-836E-582A74DC6A68}
		{C5D33EBC-535D-474C-870A-B96A4B30850D} = {C5D33EBC-535D-474C-870A-B96A4B30850D}
	EndProjectSection
EndProject
Project("{8BC9CEB8-8B4A-11D0-8D11-00A0C91BC942}") = "fwevt_test_xml_value", "fwevt_test_xml_value\fwevt_test_xml_value.vcproj", "{703A33A3-1A6A-4D9C-B25F-F84BE52BAEA3}"
	ProjectSection(ProjectDependencies) = postProject
		{B97706AC-46E5-4C2A-836E-582A74DC6A68} = {B97706AC-46E5-4C2A-836E-582A74DC6A68}
		{C5D33EBC-535D-474C-870A-B96A4B30850D} = {C5D33EBC-535D-474C-870A-B96A4B30850D}
	EndProjectSection
EndProject
Project("{8BC9CEB8-8B4A-11D0-8D11-00A0C91BC942}") = "libuna", "libuna\libuna.vcproj", "{5C6EAD13-CCA8-4B03-8495-EEE2E3092468}"
	ProjectSection(ProjectDependencies) = postProject
		{C5D33EBC-535D-474C-870A-B96A4B30850D} = {C5D33EBC-535D-474C-870A-B96A4B30850D}
	EndProjectSection
EndProject
Project("{8BC9CEB8-8B4A-11D0-8D11-00A0C91BC942}") = "libfvalue", "libfvalue\libfvalue.vcproj", "{4A81A573-8E94-4C37-96C6-AAB627CA2D9B}"
	ProjectSection(ProjectDependencies) = postProject
		{C5D33EBC-535D-474C-870A-B96A4B30850D} = {C5D33EBC-535D-474C-870A-B96A4B30850D}
		{D9A25DD4-1F17-4546-B662-5986E82720FC} = {D9A25DD4-1F17-4546-B662-5986E82720FC}
		{D3AB00F9-6704-4899-90C4-CB3BED88E7AA} = {D3AB00F9-6704-4899-90C4-CB3BED88E7AA}
		{5816A0E4-0A0A-4F38-8BDE-8B5B209E2B41} = {5816A0E4-0A0A-4F38-8BDE-8B5B209E2B41}
		{5C6EAD13-CCA8-4B03-8495-EEE2E3092468} = {5C6EAD13-CCA8-4B03-8495-EEE2E3092468}
		{B306CB83-6915-4684-A67B-55CE66C9C4C4} = {B306CB83-6915-4684-A67B-55CE66C9C4C4}
		{9B4ACD98-1EDF-40A6-9866-CEB40FF75082} = {9B4ACD98-1EDF-40A6-9866-CEB40FF75082}
	EndProjectSection
EndProject
Project("{8BC9CEB8-8B4A-11D0-8D11-00A0C91BC942}") = "libcnotify", "libcnotify\libcnotify.vcproj", "{5816A0E4-0A0A-4F38-8BDE-8B5B209E2B41}"
	ProjectSection(ProjectDependencies) = postProject
		{C5D33EBC-535D-474C-870A-B96A4B30850D} = {C5D33EBC-535D-474C-870A-B96A4B30850D}
	EndProjectSection
EndProject
Project("{8BC9CEB8-8B4A-11D0-8D11-00A0C91BC942}") = "libcerror", "libcerror\libcerror.vcproj", "{C5D33EBC-535D-474C-870A-B96A4B30850D}"
EndProject
Project("{8BC9CEB8-8B4A-11D0-8D11-00A0C91BC942}") = "libfdatetime", "libfdatetime\libfdatetime.vcproj", "{B306CB83-6915-4684-A67B-55CE66C9C4C4}"
	ProjectSection(ProjectDependencies) = postProject
		{C5D33EBC-535D-474C-870A-B96A4B30850D} = {C5D33EBC-535D-474C-870A-B96A4B30850D}
	EndProjectSection
EndProject
Global
	GlobalSection(SolutionConfigurationPlatforms) = preSolution
		Release|Win32 = Release|Win32
		VSDebug|Win32 = VSDebug|Win32
	EndGlobalSection
	GlobalSection(ProjectConfigurationPlatforms) = postSolution
		{9B4ACD98-1EDF-40A6-9866-CEB40FF75082}.Release|Win32.ActiveCfg = Release|Win32
		{9B4ACD98-1EDF-40A6-9866-CEB40FF75082}.Release|Win32.Build.0 = Release|Win32
		{9B4ACD98-1EDF-40A6-9866-CEB40FF75082}.VSDebug|Win32.ActiveCfg = VSDebug|Win32
		{9B4ACD98-1EDF-40A6-9866-CEB40FF75082}.VSDebug|Win32.Build.0 = VSDebug|Win32
		{B97706AC-46E5-4C2A-836E-582A74DC6A68}.Release|Win32.ActiveCfg = Release|Win32
		{B97706AC-46E5-4C2A-836E-582A74DC6A68}.Release|Win32.Build.0 = Release|Win32
		{B97706AC-46E5-4C2A-836E-582A74DC6A68}.VSDebug|Win32.ActiveCfg = VSDebug|Win32
		{B97706AC-46E5-4C2A-836E-582A74DC6A68}.VSDebug|Win32.Build.0 = VSDebug|Win32
		{5A75D56F-262C-499A-9874-E44CA99DAE30}.Release|Win32.ActiveCfg = Release|Win32
		{5A75D56F-262C-499A-9874-E44CA99DAE30}.Release|Win32.Build.0 = Release|Win32
		{5A75D56F-262C-499A-9874-E44CA99DAE30}.VSDebug|Win32.ActiveCfg = VSDebug|Win32
		{5A75D56F-262C-499A-9874-E44CA99DAE30}.VSDebug|Win32.Build.0 = VSDebug|Win32
		{D3AB00F9-6704-4899-90C4-CB3BED88E7AA}.Release|Win32.ActiveCfg = Release|Win32
		{D3AB00F9-6704-4899-90C4-CB3BED88E7AA}.Release|Win32.Build.0 = Release|Win32
		{D3AB00F9-6704-4899-90C4-CB3BED88E7AA}.VSDebug|Win32.ActiveCfg = VSDebug|Win32
		{D3AB00F9-6704-4899-90C4-CB3BED88E7AA}.VSDebug|Win32.Build.0 = VSDebug|Win32
		{D9A25DD4-1F17-4546-B662-5986E82720FC}.Release|Win32.ActiveCfg = Release|Win32
		{D9A25DD4-1F17-4546-B662-5986E82720FC}.Release|Win32.Build.0 = Release|Win32
		{D9A25DD4-1F17-4546-B662-5986E82720FC}.VSDebug|Win32.ActiveCfg = VSDebug|Win32
		{D9A25DD4-1F17-4546-B662-5986E82720FC}.VSDebug|Win32.Build.0 = VSDebug|Win32
		{788051B4-9B85-41C8-AA28-27D538F53E0B}.Release|Win32.ActiveCfg = Release|Win32
		{788051B4-9B85-41C8-AA28-27D538F53E0B}.Release|Win32.Build.0 = Release|Win32
		{788051B4-9B85-41C8-AA28-27D538F53E0B}.VSDebug|Win32.ActiveCfg = VSDebug|Win32
		{788051B4-9B85-41C8-AA28-27D538F53E0B}.VSDebug|Win32.Build.0 = VSDebug|Win32
		{FD36C2F1-1C2A-457C-A585-B39DD8877DEF}.Release|Win32.ActiveCfg = Release|Win32
		{FD36C2F1-1C2A-457C-A585-B39DD8877DEF}.Release|Win32.Build.0 = Release|Win32
		{FD36C2F1-1C2A-457C-A585-B39DD8877DEF}.VSDebug|Win32.ActiveCfg = VSDebug|Win32
		{FD36C2F1-1C2A-457C-A585-B39DD8877DEF}.VSDebug|Win32.Build.0 = VSDebug|Win32
		{A2BE872C-0841-49C5-AA2E-30E683CBE455}.Release|Win32.ActiveCfg = Release|Win32
		{A2BE872C-0841-49C5-AA2E-30E683CBE455}.Release|Win32.Build.0 = Release|Win32
		{A2BE872C-0841-49C5-AA2E-30E683CBE455}.VSDebug|Win32.ActiveCfg = VSDebug|Win32
		{A2BE872C-0841-49C5-AA2E-30E683CBE455}.VSDebug|Win32.Build.0 = VSDebug|Win32
		{58C8BF9C-CEF7-447F-A059-6619D2584EA9}.Release|Win32.ActiveCfg = Release|Win32
		{58C8BF9C-CEF7-447F-A059-6619D2584EA9}.Release|Win32.Build.0 = Release|Win32
		{58C8BF9C-CEF7-447F-A059-6619D2584EA9}.VSDebug|Win32.ActiveCfg = VSDebug|Win32
		{58C8BF9C-CEF7-447F-A059-6619D2584EA9}.VSDebug|Win32.Build.0 = VSDebug|Win32
		{82D20F53-BCA6-4BEC-80BB-599D3A14F9EC}.Release|Win32.ActiveCfg = Release|Win32
		{82D20F53-BCA6-4BEC-80BB-599D3A14F9EC}.Release|Win32.Build.0 = Release|Win32
		{82D20F53-BCA6-4BEC-80BB-599D3A14F9EC}.VSDebug|Win32.ActiveCfg = VSDebug|Win32
		{82D20F53-BCA6-4BEC-80BB-599D3A14F9EC}.VSDebug|Win32.Build.0 = VSDebug|Win32
		{B19E0A07-9B93-4ECA-BE6A-272D868C43E0}.Release|Win32.ActiveCfg = Release|Win32
		{B19E0A07-9B93-4ECA-BE6A-272D868C43E0}.Release|Win32.Build.0 = Release|Win32
		{B19E0A07-9B93-4ECA-BE6A-272D868C43E0}.VSDebug|Win32.ActiveCfg = VSDebug|Win32
		{B19E0A07-9B93-4ECA-BE6A-272D868C43E0}.VSDebug|Win32.Build.0 = VSDebug|Win32
		{250341FF-3D80-4C29-A368-F102870A9C0E}.Release|Win32.ActiveCfg = Release|Win32
		{250341FF-3D80-4C29-A368-F102870A9C0E}.Release|Win32.Build.0 = Release|Win32
		{250341FF-3D80-4C29-A368-F102870A9C0E}.VSDebug|Win32.ActiveCfg = VSDebug|Win32
		{250341FF-3D80-4C29-A368-F102870A9C0E}.VSDebug|Win32.Build.0 = VSDebug|Win32
		{C79E94AB-ED3F-4168-8B6C-175CAD6313A0}.Release|Win32.ActiveCfg = Release|Win32
		{C79E94AB-ED3F-4168-8B6C-175CAD6313A0}.Release|Win32.Build.0 = Release|Win32
		{C79E94AB-ED3F-4168-8B6C-175CAD6313A0}.VSDebug|Win32.ActiveCfg = VSDebug|Win32
		{C79E94AB-ED3F-4168-8B6C-175CAD6313A0}.VSDebug|Win32.Build.0 = VSDebug|Win32
		{F6EEC63F-0A66-499B-8DFF-2ED594336955}.Release|Win32.ActiveCfg = Release|Win32
		{F6EEC63F-0A66-499B-8DFF-2ED594336955}.Release|Win32.Build.0 = Release|Win32
		{F6EEC63F-0A66-499B-8DFF-2ED594336955}.VSDebug|Win32.ActiveCfg = VSDebug|Win32
		{F6EEC63F-0A66-499B-8DFF-2ED594336955}.VSDebug|Win32.Build.0 = VSDebug|Win32
		{72C96509-C06F-4BE9-9853-64B43F69CC5C}.Release|Win32.ActiveCfg = Release|Win32
		{72C96509-C06F-4BE9-9853-64B43F69CC5C}.Release|Win32.Build.0 = Release|Win32
		{72C96509-C06F-4BE9-9853-64B43F69CC5C}.VSDebug|Win32.ActiveCfg = VSDebug|Win32
		{72C96509-C06F-4BE9-9853-64B43F69CC5C}.VSDebug|Win32.Build.0 = VSDebug|Win32
		{4686DD45-AB05-4EB9-87F9-FAE1189C7CB4}.Release|Win32.ActiveCfg = Release|Win32
		{4686DD45-AB05-4EB9-87F9-FAE1189C7CB4}.Release|Win32.Build.0 = Release|Win32
		{4686DD45-AB05-4EB9-87F9-FAE1189C7CB4}.VSDebug|Win32.ActiveCfg = VSDebug|Win32
		{4686DD45-AB05-4EB9-87F9-FAE1189C7CB4}.VSDebug|Win32.Build.0 = VSDebug|Win32
		{C5227123-966B-4B11-904D-03495752E365}.Release|Win32.ActiveCfg = Release|Win32
		{C5227123-966B-4B11-904D-03495752E365}.Release|Win32.Build.0 = Release|Win32
		{C5227123-966B-4B11-904D-03495752E365}.VSDebug|Win32.ActiveCfg = VSDebug|Win32
		{C5227123-966B-4B11-904D-03495752E365}.VSDebug|Win32.Build.0 = VSDebug|Win32
		{3DF72C18-1B8F-40D0-BBEF-1AA2C7DE178B}.Release|Win32.ActiveCfg = Release|Win32
		{3DF72C18-1B8F-40D0-BBEF-1AA2C7DE178B}.Release|Win32.Build.0 = Release|Win32
		{3DF72C18-1B8F-40D0-BBEF-1AA2C7DE178B}.VSDebug|Win32.ActiveCfg = VSDebug|Win32
		{3DF72C18-1B8F-40D0-BBEF-1AA2C7DE178B}.VSDebug|Win32.Build.0 = VSDebug|Win32
		{673CE65E-7329-496D-9F77-82A930D569B6}.Release|Win32.ActiveCfg = Release|Win32
		{673CE65E-7329-496D-9F77-82A930D569B6}.Release|Win32.Build.0 = Release|Win32
		{673CE65E-7329-496D-9F77-82A930D569B6}.VSDebug|Win32.ActiveCfg = VSDebug|Win32
		{673CE65E-7329-496D-9F77-82A930D569B6}.VSDebug|Win32.Build.0 = VSDebug|Win32
		{53DD74C1-D0A2-4E49-B8E0-1D02E65059AB}.Release|Win32.ActiveCfg = Release|Win32
		{53DD74C1-D0A2-4E49-B8E0-1D02E65059AB}.Release|Win32.Build.0 = Release|Win32
		{53DD74C1-D0A2-4E49-B8E0-1D02E65059AB}.VSDebug|Win32.ActiveCfg = VSDebug|Win32
		{53DD74C1-D0A2-4E49-B8E0-1D02E65059AB}.VSDebug|Win32.Build.0 = VSDebug|Win32
		{0D34CD16-691F-43C0-B91F-F84A5D42C8DA}.Release|Win32.ActiveCfg = Release|Win32
		{0D34CD16-691F-43C0-B91F-F84A5D42C8DA}.Release|Win32.Build.0 = Release|Win32
		{0D34CD16-691F-43C0-B91F-F84A5D42C8DA}.VSDebug|Win32.ActiveCfg = VSDebug|Win32
		{0D34CD16-691F-43C0-B91F-F84A5D42C8DA}.VSDebug|Win32.Build.0 = VSDebug|Win32
		{87326EB9-F85E-43C8-A8D0-8138CF9B8712}.Release|Win32.ActiveCfg = Release|Win32
		{87326EB9-F85E-43C8-A8D0-8138CF9B8712}.Release|Win32.Build.0 = Release|Win32
		{87326EB9-F85E-43C8-A8D0-8138CF9B8712}.VSDebug|Win32.ActiveCfg = VSDebug|Win32
		{87326EB9-F85E-43C8-A8D0-8138CF9B8712}.VSDebug|Win32.Build.0 = VSDebug|Win32
		{6AEB4E37-792D-490D-95A5-1A855C166C1B}.Release|Win32.ActiveCfg = Release|Win32
		{6AEB4E37-792D-490D-95A5-1A855C166C1B}.Release|Win32.Build.0 = Release|Win32
		{6AEB4E37-792D-490D-95A5-1A855C166C1B}.VSDebug|Win32.ActiveCfg = VSDebug|Win32
		{6AEB4E37-792D-490D-95A5-1A855C166C1B}.VSDebug|Win32.Build.0 = VSDebug|Win32
		{703A33A3-1A6A-4D9C-B25F-F84BE52BAEA3}.Release|Win32.ActiveCfg = Release|Win32
		{703A33A3-1A6A-4D9C-B25F-F84BE52BAEA3}.Release|Win32.Build.0 = Release|Win32
		{703A33A3-1A6A-4D9C-B25F-F84BE52BAEA3}.VSDebug|Win32.ActiveCfg = VSDebug|Win32
		{703A33A3-1A6A-4D9C-B25F-F84BE52BAEA3}.VSDebug|Win32.Build.0 = VSDebug|Win32
		{5C6EAD13-CCA8-4B03-8495-EEE2E3092468}.Release|Win32.ActiveCfg = Release|Win32
		{5C6EAD13-CCA8-4B03-8495-EEE2E3092468}.Release|Win32.Build.0 = Release|Win32
		{5C6EAD13-CCA8-4B03-8495-EEE2E3092468}.VSDebug|Win32.ActiveCfg = VSDebug|Win32
		{5C6EAD13-CCA8-4B03-8495-EEE2E3092468}.VSDebug|Win32.Build.0 = VSDebug|Win32
		{4A81A573-8E94-4C37-96C6-AAB627CA2D9B}.Release|Win32.ActiveCfg = Release|Win32
		{4A81A573-8E94-4C37-96C6-AAB627CA2D9B}.Release|Win32.Build.0 = Release|Win32
		{4A81A573-8E94-4C37-96C6-AAB627CA2D9B}.VSDebug|Win32.ActiveCfg = VSDebug|Win32
		{4A81A573-8E94-4C37-96C6-AAB627CA2D9B}.VSDebug|Win32.Build.0 = VSDebug|Win32
		{5816A0E4-0A0A-4F38-8BDE-8B5B209E2B41}.Release|Win32.ActiveCfg = Release|Win32
		{5816A0E4-0A0A-4F38-8BDE-8B5B209E2B41}.Release|Win32.Build.0 = Release|Win32
		{5816A0E4-0A0A-4F38-8BDE-8B5B209E2B41}.VSDebug|Win32.ActiveCfg = VSDebug|Win32
		{5816A0E4-0A0A-4F38-8BDE-8B5B209E2B41}.VSDebug|Win32.Build.0 = VSDebug|Win32
		{C5D33EBC-535D-474C-870A-B96A4B30850D}.Release|Win32.ActiveCfg = Release|Win32
		{C5D33EBC-535D-474C-870A-B96A4B30850D}.Release|Win32.Build.0 = Release|Win32
		{C5D33EBC-535D-474C-870A-B96A4B30850D}.VSDebug|Win32.ActiveCfg = VSDebug|Win32
		{C5D33EBC-535D-474C-870A-B96A4B30850D}.VSDebug|Win32.Build.0 = VSDebug|Win32
		{B306CB83-6915-4684-A67B-55CE66C9C4C4}.Release|Win32.ActiveCfg = Release|Win32
		{B306CB83-6915-4684-A67B-55CE66C9C4C4}.Release|Win32.Build.0 = Release|Win32
		{B306CB83-6915-4684-A67B-55CE66C9C4C4}.VSDebug|Win32.ActiveCfg = VSDebug|Win32
		{B306CB83-6915-4684-A67B-55CE66C9C4C4}.VSDebug|Win32.Build.0 = VSDebug|Win32
	EndGlobalSection
	GlobalSection(SolutionProperties) = preSolution
		HideSolutionNode = FALSE
	EndGlobalSection
EndGlobal
